{
  "lockfile_version": "1",
  "packages": {
    "github:NixOS/nixpkgs/nixpkgs-unstable": {
      "last_modified": "2025-11-18T11:19:29Z",
      "resolved": "github:NixOS/nixpkgs/6f374686605df381de8541c072038472a5ea2e2d?lastModified=1763464769&narHash=sha256-AJHrsT7VoeQzErpBRlLJM1SODcaayp0joAoEA35yiwM%3D"
    },
    "go@1.23rc1": {
      "last_modified": "2024-07-07T07:43:47Z",
      "resolved": "github:NixOS/nixpkgs/b60793b86201040d9dee019a05089a9150d08b5b#go_1_23",
      "source": "devbox-search",
      "version": "1.23rc1",
      "systems": {
        "aarch64-darwin": {
          "outputs": [
            {
              "name": "out",
              "path": "/nix/store/zbwlqr8047zhb9xsjh6nflmg0cs8iszk-go-1.23rc1",
              "default": true
            }
          ],
          "store_path": "/nix/store/zbwlqr8047zhb9xsjh6nflmg0cs8iszk-go-1.23rc1"
        },
        "aarch64-linux": {
          "outputs": [
            {
              "name": "out",
              "path": "/nix/store/l3fmggyr026sm5bks04bypqbmp9lzyf4-go-1.23rc1",
              "default": true
            }
          ],
          "store_path": "/nix/store/l3fmggyr026sm5bks04bypqbmp9lzyf4-go-1.23rc1"
        },
        "x86_64-darwin": {
          "outputs": [
            {
              "name": "out",
              "path": "/nix/store/f0wzx040nmfm3wbx611lb2zxyaqrr6z9-go-1.23rc1",
              "default": true
            }
          ],
          "store_path": "/nix/store/f0wzx040nmfm3wbx611lb2zxyaqrr6z9-go-1.23rc1"
        },
        "x86_64-linux": {
          "outputs": [
            {
              "name": "out",
              "path": "/nix/store/szlb1s9sr49ld14s5vnp7d8cfqslcg9j-go-1.23rc1",
              "default": true
            }
          ],
          "store_path": "/nix/store/szlb1s9sr49ld14s5vnp7d8cfqslcg9j-go-1.23rc1"
        }
      }
    },
    "jdk@25.0.0": {
      "last_modified": "2025-10-22T20:59:19Z",
      "resolved": "github:NixOS/nixpkgs/01b6809f7f9d1183a2b3e081f0a1e6f8f415cb09#jdk25",
      "source": "devbox-search",
      "version": "25.0.0",
      "systems": {
        "aarch64-darwin": {
          "outputs": [
            {
              "name": "out",
              "path": "/nix/store/3l55i019dc9ydjv4nishhbjp6fq224vk-zulu-ca-jdk-25.0.0",
              "default": true
            }
          ],
          "store_path": "/nix/store/3l55i019dc9ydjv4nishhbjp6fq224vk-zulu-ca-jdk-25.0.0"
        },
        "x86_64-darwin": {
          "outputs": [
            {
              "name": "out",
              "path": "/nix/store/5dljvgfvb3did4279ffkc89fr1i8rzha-zulu-ca-jdk-25.0.0",
              "default": true
            }
          ],
          "store_path": "/nix/store/5dljvgfvb3did4279ffkc89fr1i8rzha-zulu-ca-jdk-25.0.0"
        }
      }
    },
    "nodejs@24.0.0-rc.3": {
      "last_modified": "2025-05-06T08:06:31Z",
      "plugin_version": "0.0.2",
      "resolved": "github:NixOS/nixpkgs/1cb1c02a6b1b7cf67e3d7731cbbf327a53da9679#nodejs_24",
      "source": "devbox-search",
      "version": "24.0.0-rc.3",
      "systems": {
        "aarch64-darwin": {
          "outputs": [
            {
              "name": "rc.3",
              "path": "/nix/store/z736i7qhi2fcywdn59q5rg2gqgmzi0k1-nodejs-24.0.0-rc.3",
              "default": true
            }
          ]
        },
        "aarch64-linux": {
          "outputs": [
            {
              "name": "out",
              "path": "/nix/store/12nx7ljyx2iq0khbrvyky0v1im87izpj-nodejs-24.0.0-rc.3",
              "default": true
            },
            {
              "name": "dev",
              "path": "/nix/store/kiv3s947b54ri069iv5zv0mm99sbsjaa-nodejs-24.0.0-rc.3-dev"
            },
            {
              "name": "libv8",
              "path": "/nix/store/4qkjmsiyqf164bb09yicsinsvdgjnzhy-nodejs-24.0.0-rc.3-libv8"
            }
          ],
          "store_path": "/nix/store/12nx7ljyx2iq0khbrvyky0v1im87izpj-nodejs-24.0.0-rc.3"
        },
        "x86_64-linux": {
          "outputs": [
            {
              "name": "out",
              "path": "/nix/store/73fqlq2c8c15avfj39n71pci5cs6168h-nodejs-24.0.0-rc.3",
              "default": true
            },
            {
              "name": "libv8",
              "path": "/nix/store/gi10asrkw8aypkdrcnhbgah03wgxfhs9-nodejs-24.0.0-rc.3-libv8"
            },
            {
              "name": "dev",
              "path": "/nix/store/gp0czwn5vapgcc49a3k6wifj2ygd8gc5-nodejs-24.0.0-rc.3-dev"
            }
          ],
          "store_path": "/nix/store/73fqlq2c8c15avfj39n71pci5cs6168h-nodejs-24.0.0-rc.3"
        }
      }
    },
    "python@3.13.0a1": {
      "last_modified": "2023-11-17T14:14:56Z",
      "plugin_version": "0.0.4",
      "resolved": "github:NixOS/nixpkgs/a71323f68d4377d12c04a5410e214495ec598d4c#python313",
      "source": "devbox-search",
      "version": "3.13.0a1",
      "systems": {
        "aarch64-darwin": {
          "outputs": [
            {
              "name": "out",
              "path": "/nix/store/c40cv85ndxa31gwq4cd24p7hawq5qxqh-python3-3.13.0a1",
              "default": true
            }
          ],
          "store_path": "/nix/store/c40cv85ndxa31gwq4cd24p7hawq5qxqh-python3-3.13.0a1"
        },
        "aarch64-linux": {
          "outputs": [
            {
              "name": "out",
              "path": "/nix/store/l1v80bi9w80qqgnddqj0xw7lpjcl7h5i-python3-3.13.0a1",
              "default": true
            },
            {
              "name": "debug",
              "path": "/nix/store/pm9wplsvi2xb7dl2jccwvi9gc7hf55x1-python3-3.13.0a1-debug"
            }
          ],
          "store_path": "/nix/store/l1v80bi9w80qqgnddqj0xw7lpjcl7h5i-python3-3.13.0a1"
        },
        "x86_64-darwin": {
          "outputs": [
            {
              "name": "out",
              "path": "/nix/store/wnnqci05fp982l65s29hg1b02w9dba05-python3-3.13.0a1",
              "default": true
            }
          ],
          "store_path": "/nix/store/wnnqci05fp982l65s29hg1b02w9dba05-python3-3.13.0a1"
        },
        "x86_64-linux": {
          "outputs": [
            {
              "name": "out",
              "path": "/nix/store/c6jlw79qi4xyzkgv062xakjlrw1dwixh-python3-3.13.0a1",
              "default": true
            },
            {
              "name": "debug",
              "path": "/nix/store/7rgmlfl9a148wi3zxvpyc9n2ys2dkpwx-python3-3.13.0a1-debug"
            }
          ],
          "store_path": "/nix/store/c6jlw79qi4xyzkgv062xakjlrw1dwixh-python3-3.13.0a1"
        }
      }
    },
    "ruby@3.3.0-preview1": {
      "last_modified": "2023-09-15T06:49:28Z",
      "plugin_version": "0.0.2",
      "resolved": "github:NixOS/nixpkgs/46688f8eb5cd6f1298d873d4d2b9cf245e09e88e#ruby_3_3",
      "source": "devbox-search",
      "version": "3.3.0-preview1",
      "systems": {
        "aarch64-darwin": {
          "outputs": [
            {
              "name": "out",
              "path": "/nix/store/v44w40xpykyv3ilw4j9y1xpkp74cmf5p-ruby-3.3.0-preview1",
              "default": true
            },
            {
              "name": "devdoc",
              "path": "/nix/store/j5b9hbwhazwflfilpfrh1izlxakdfqqf-ruby-3.3.0-preview1-devdoc"
            }
          ],
          "store_path": "/nix/store/v44w40xpykyv3ilw4j9y1xpkp74cmf5p-ruby-3.3.0-preview1"
        },
        "aarch64-linux": {
          "outputs": [
            {
              "name": "out",
              "path": "/nix/store/2jyb4yn4zgy7jynbi9n51q1czgz6xqq0-ruby-3.3.0-preview1",
              "default": true
            },
            {
              "name": "devdoc",
              "path": "/nix/store/x78vw1cn4kynxbhyq20c49i9avsk9k3h-ruby-3.3.0-preview1-devdoc"
            }
          ],
          "store_path": "/nix/store/2jyb4yn4zgy7jynbi9n51q1czgz6xqq0-ruby-3.3.0-preview1"
        },
        "x86_64-darwin": {
          "outputs": [
            {
              "name": "out",
              "path": "/nix/store/ynbr1wik8wn9ib3kvhwkkd98nj7w0ksb-ruby-3.3.0-preview1",
              "default": true
            },
            {
              "name": "devdoc",
              "path": "/nix/store/1fyqdbi63r4qrxrhs9ri25kgd470dynr-ruby-3.3.0-preview1-devdoc"
            }
          ],
          "store_path": "/nix/store/ynbr1wik8wn9ib3kvhwkkd98nj7w0ksb-ruby-3.3.0-preview1"
        },
        "x86_64-linux": {
          "outputs": [
            {
              "name": "out",
              "path": "/nix/store/9p1095kikmmh6wi0iyi6fkjjr2zy2r2k-ruby-3.3.0-preview1",
              "default": true
            },
            {
              "name": "devdoc",
              "path": "/nix/store/86lhrwslkgck9amlg46rmfmqvs2yl9vi-ruby-3.3.0-preview1-devdoc"
            }
          ],
          "store_path": "/nix/store/9p1095kikmmh6wi0iyi6fkjjr2zy2r2k-ruby-3.3.0-preview1"
        }
      }
    }
  }
}
